// !$*UTF8*$!
{
	archiveVersion = 1;
	classes = {
	};
	objectVersion = 46;
	objects = {

/* Begin PBXBuildFile section */
		F33426721A41D38F0028211A /* main.m in Sources */ = {isa = PBXBuildFile; fileRef = F33426711A41D38F0028211A /* main.m */; };
		F33426751A41D38F0028211A /* AppDelegate.m in Sources */ = {isa = PBXBuildFile; fileRef = F33426741A41D38F0028211A /* AppDelegate.m */; };
		F33426781A41D38F0028211A /* FirstViewController.m in Sources */ = {isa = PBXBuildFile; fileRef = F33426771A41D38F0028211A /* FirstViewController.m */; };
		F334267B1A41D38F0028211A /* SecondViewController.m in Sources */ = {isa = PBXBuildFile; fileRef = F334267A1A41D38F0028211A /* SecondViewController.m */; };
		F334267E1A41D38F0028211A /* Main.storyboard in Resources */ = {isa = PBXBuildFile; fileRef = F334267C1A41D38F0028211A /* Main.storyboard */; };
		F33426801A41D38F0028211A /* Images.xcassets in Resources */ = {isa = PBXBuildFile; fileRef = F334267F1A41D38F0028211A /* Images.xcassets */; };
		F33426831A41D38F0028211A /* LaunchScreen.xib in Resources */ = {isa = PBXBuildFile; fileRef = F33426811A41D38F0028211A /* LaunchScreen.xib */; };
		F334268F1A41D38F0028211A /* DemoAppTests.m in Sources */ = {isa = PBXBuildFile; fileRef = F334268E1A41D38F0028211A /* DemoAppTests.m */; };
/* End PBXBuildFile section */

/* Begin PBXContainerItemProxy section */
		F33426891A41D38F0028211A /* PBXContainerItemProxy */ = {
			isa = PBXContainerItemProxy;
			containerPortal = F33426641A41D38F0028211A /* Project object */;
			proxyType = 1;
			remoteGlobalIDString = F334266B1A41D38F0028211A;
			remoteInfo = DemoApp;
		};
/* End PBXContainerItemProxy section */

/* Begin PBXFileReference section */
		F334266C1A41D38F0028211A /* DemoApp.app */ = {isa = PBXFileReference; explicitFileType = wrapper.application; includeInIndex = 0; path = DemoApp.app; sourceTree = BUILT_PRODUCTS_DIR; };
		F33426701A41D38F0028211A /* Info.plist */ = {isa = PBXFileReference; lastKnownFileType = text.plist.xml; path = Info.plist; sourceTree = "<group>"; };
		F33426711A41D38F0028211A /* main.m */ = {isa = PBXFileReference; lastKnownFileType = sourcecode.c.objc; path = main.m; sourceTree = "<group>"; };
		F33426731A41D38F0028211A /* AppDelegate.h */ = {isa = PBXFileReference; lastKnownFileType = sourcecode.c.h; path = AppDelegate.h; sourceTree = "<group>"; };
		F33426741A41D38F0028211A /* AppDelegate.m */ = {isa = PBXFileReference; lastKnownFileType = sourcecode.c.objc; path = AppDelegate.m; sourceTree = "<group>"; };
		F33426761A41D38F0028211A /* FirstViewController.h */ = {isa = PBXFileReference; lastKnownFileType = sourcecode.c.h; path = FirstViewController.h; sourceTree = "<group>"; };
		F33426771A41D38F0028211A /* FirstViewController.m */ = {isa = PBXFileReference; lastKnownFileType = sourcecode.c.objc; path = FirstViewController.m; sourceTree = "<group>"; };
		F33426791A41D38F0028211A /* SecondViewController.h */ = {isa = PBXFileReference; lastKnownFileType = sourcecode.c.h; path = SecondViewController.h; sourceTree = "<group>"; };
		F334267A1A41D38F0028211A /* SecondViewController.m */ = {isa = PBXFileReference; lastKnownFileType = sourcecode.c.objc; path = SecondViewController.m; sourceTree = "<group>"; };
		F334267D1A41D38F0028211A /* Base */ = {isa = PBXFileReference; lastKnownFileType = file.storyboard; name = Base; path = Base.lproj/Main.storyboard; sourceTree = "<group>"; };
		F334267F1A41D38F0028211A /* Images.xcassets */ = {isa = PBXFileReference; lastKnownFileType = folder.assetcatalog; path = Images.xcassets; sourceTree = "<group>"; };
		F33426821A41D38F0028211A /* Base */ = {isa = PBXFileReference; lastKnownFileType = file.xib; name = Base; path = Base.lproj/LaunchScreen.xib; sourceTree = "<group>"; };
		F33426881A41D38F0028211A /* DemoAppTests.xctest */ = {isa = PBXFileReference; explicitFileType = wrapper.cfbundle; includeInIndex = 0; path = DemoAppTests.xctest; sourceTree = BUILT_PRODUCTS_DIR; };
		F334268D1A41D38F0028211A /* Info.plist */ = {isa = PBXFileReference; lastKnownFileType = text.plist.xml; path = Info.plist; sourceTree = "<group>"; };
		F334268E1A41D38F0028211A /* DemoAppTests.m */ = {isa = PBXFileReference; lastKnownFileType = sourcecode.c.objc; path = DemoAppTests.m; sourceTree = "<group>"; };
/* End PBXFileReference section */

/* Begin PBXFrameworksBuildPhase section */
		F33426691A41D38F0028211A /* Frameworks */ = {
			isa = PBXFrameworksBuildPhase;
			buildActionMask = 2147483647;
			files = (
			);
			runOnlyForDeploymentPostprocessing = 0;
		};
		F33426851A41D38F0028211A /* Frameworks */ = {
			isa = PBXFrameworksBuildPhase;
			buildActionMask = 2147483647;
			files = (
			);
			runOnlyForDeploymentPostprocessing = 0;
		};
/* End PBXFrameworksBuildPhase section */

/* Begin PBXGroup section */
		F33426631A41D38F0028211A = {
			isa = PBXGroup;
			children = (
				F334266E1A41D38F0028211A /* DemoApp */,
				F334268B1A41D38F0028211A /* DemoAppTests */,
				F334266D1A41D38F0028211A /* Products */,
			);
			sourceTree = "<group>";
		};
		F334266D1A41D38F0028211A /* Products */ = {
			isa = PBXGroup;
			children = (
				F334266C1A41D38F0028211A /* DemoApp.app */,
				F33426881A41D38F0028211A /* DemoAppTests.xctest */,
			);
			name = Products;
			sourceTree = "<group>";
		};
		F334266E1A41D38F0028211A /* DemoApp */ = {
			isa = PBXGroup;
			children = (
				F33426731A41D38F0028211A /* AppDelegate.h */,
				F33426741A41D38F0028211A /* AppDelegate.m */,
				F33426761A41D38F0028211A /* FirstViewController.h */,
				F33426771A41D38F0028211A /* FirstViewController.m */,
				F33426791A41D38F0028211A /* SecondViewController.h */,
				F334267A1A41D38F0028211A /* SecondViewController.m */,
				F334267C1A41D38F0028211A /* Main.storyboard */,
				F334267F1A41D38F0028211A /* Images.xcassets */,
				F33426811A41D38F0028211A /* LaunchScreen.xib */,
				F334266F1A41D38F0028211A /* Supporting Files */,
			);
			path = DemoApp;
			sourceTree = "<group>";
		};
		F334266F1A41D38F0028211A /* Supporting Files */ = {
			isa = PBXGroup;
			children = (
				F33426701A41D38F0028211A /* Info.plist */,
				F33426711A41D38F0028211A /* main.m */,
			);
			name = "Supporting Files";
			sourceTree = "<group>";
		};
		F334268B1A41D38F0028211A /* DemoAppTests */ = {
			isa = PBXGroup;
			children = (
				F334268E1A41D38F0028211A /* DemoAppTests.m */,
				F334268C1A41D38F0028211A /* Supporting Files */,
			);
			path = DemoAppTests;
			sourceTree = "<group>";
		};
		F334268C1A41D38F0028211A /* Supporting Files */ = {
			isa = PBXGroup;
			children = (
				F334268D1A41D38F0028211A /* Info.plist */,
			);
			name = "Supporting Files";
			sourceTree = "<group>";
		};
/* End PBXGroup section */

/* Begin PBXNativeTarget section */
		F334266B1A41D38F0028211A /* DemoApp */ = {
			isa = PBXNativeTarget;
			buildConfigurationList = F33426921A41D38F0028211A /* Build configuration list for PBXNativeTarget "DemoApp" */;
			buildPhases = (
				F33426681A41D38F0028211A /* Sources */,
				F33426691A41D38F0028211A /* Frameworks */,
				F334266A1A41D38F0028211A /* Resources */,
			);
			buildRules = (
			);
			dependencies = (
			);
			name = DemoApp;
			productName = DemoApp;
			productReference = F334266C1A41D38F0028211A /* DemoApp.app */;
			productType = "com.apple.product-type.application";
		};
		F33426871A41D38F0028211A /* DemoAppTests */ = {
			isa = PBXNativeTarget;
			buildConfigurationList = F33426951A41D38F0028211A /* Build configuration list for PBXNativeTarget "DemoAppTests" */;
			buildPhases = (
				F33426841A41D38F0028211A /* Sources */,
				F33426851A41D38F0028211A /* Frameworks */,
				F33426861A41D38F0028211A /* Resources */,
			);
			buildRules = (
			);
			dependencies = (
				F334268A1A41D38F0028211A /* PBXTargetDependency */,
			);
			name = DemoAppTests;
			productName = DemoAppTests;
			productReference = F33426881A41D38F0028211A /* DemoAppTests.xctest */;
			productType = "com.apple.product-type.bundle.unit-test";
		};
/* End PBXNativeTarget section */

/* Begin PBXProject section */
		F33426641A41D38F0028211A /* Project object */ = {
			isa = PBXProject;
			attributes = {
				LastUpgradeCheck = 0610;
				ORGANIZATIONNAME = ShyuWei;
				TargetAttributes = {
					F334266B1A41D38F0028211A = {
						CreatedOnToolsVersion = 6.1.1;
					};
					F33426871A41D38F0028211A = {
						CreatedOnToolsVersion = 6.1.1;
						TestTargetID = F334266B1A41D38F0028211A;
					};
				};
			};
			buildConfigurationList = F33426671A41D38F0028211A /* Build configuration list for PBXProject "DemoApp" */;
			compatibilityVersion = "Xcode 3.2";
			developmentRegion = English;
			hasScannedForEncodings = 0;
			knownRegions = (
				en,
				Base,
			);
			mainGroup = F33426631A41D38F0028211A;
			productRefGroup = F334266D1A41D38F0028211A /* Products */;
			projectDirPath = "";
			projectRoot = "";
			targets = (
				F334266B1A41D38F0028211A /* DemoApp */,
				F33426871A41D38F0028211A /* DemoAppTests */,
			);
		};
/* End PBXProject section */

/* Begin PBXResourcesBuildPhase section */
		F334266A1A41D38F0028211A /* Resources */ = {
			isa = PBXResourcesBuildPhase;
			buildActionMask = 2147483647;
			files = (
				F334267E1A41D38F0028211A /* Main.storyboard in Resources */,
				F33426831A41D38F0028211A /* LaunchScreen.xib in Resources */,
				F33426801A41D38F0028211A /* Images.xcassets in Resources */,
			);
			runOnlyForDeploymentPostprocessing = 0;
		};
		F33426861A41D38F0028211A /* Resources */ = {
			isa = PBXResourcesBuildPhase;
			buildActionMask = 2147483647;
			files = (
			);
			runOnlyForDeploymentPostprocessing = 0;
		};
/* End PBXResourcesBuildPhase section */

/* Begin PBXSourcesBuildPhase section */
		F33426681A41D38F0028211A /* Sources */ = {
			isa = PBXSourcesBuildPhase;
			buildActionMask = 2147483647;
			files = (
				F334267B1A41D38F0028211A /* SecondViewController.m in Sources */,
				F33426751A41D38F0028211A /* AppDelegate.m in Sources */,
				F33426781A41D38F0028211A /* FirstViewController.m in Sources */,
				F33426721A41D38F0028211A /* main.m in Sources */,
			);
			runOnlyForDeploymentPostprocessing = 0;
		};
		F33426841A41D38F0028211A /* Sources */ = {
			isa = PBXSourcesBuildPhase;
			buildActionMask = 2147483647;
			files = (
				F334268F1A41D38F0028211A /* DemoAppTests.m in Sources */,
			);
			runOnlyForDeploymentPostprocessing = 0;
		};
/* End PBXSourcesBuildPhase section */

/* Begin PBXTargetDependency section */
		F334268A1A41D38F0028211A /* PBXTargetDependency */ = {
			isa = PBXTargetDependency;
			target = F334266B1A41D38F0028211A /* DemoApp */;
			targetProxy = F33426891A41D38F0028211A /* PBXContainerItemProxy */;
		};
/* End PBXTargetDependency section */

/* Begin PBXVariantGroup section */
		F334267C1A41D38F0028211A /* Main.storyboard */ = {
			isa = PBXVariantGroup;
			children = (
				F334267D1A41D38F0028211A /* Base */,
			);
			name = Main.storyboard;
			sourceTree = "<group>";
		};
		F33426811A41D38F0028211A /* LaunchScreen.xib */ = {
			isa = PBXVariantGroup;
			children = (
				F33426821A41D38F0028211A /* Base */,
			);
			name = LaunchScreen.xib;
			sourceTree = "<group>";
		};
/* End PBXVariantGroup section */

/* Begin XCBuildConfiguration section */
		F33426901A41D38F0028211A /* Debug */ = {
			isa = XCBuildConfiguration;
			buildSettings = {
				ALWAYS_SEARCH_USER_PATHS = NO;
				CLANG_CXX_LANGUAGE_STANDARD = "gnu++0x";
				CLANG_CXX_LIBRARY = "libc++";
				CLANG_ENABLE_MODULES = YES;
				CLANG_ENABLE_OBJC_ARC = YES;
				CLANG_WARN_BOOL_CONVERSION = YES;
				CLANG_WARN_CONSTANT_CONVERSION = YES;
				CLANG_WARN_DIRECT_OBJC_ISA_USAGE = YES_ERROR;
				CLANG_WARN_EMPTY_BODY = YES;
				CLANG_WARN_ENUM_CONVERSION = YES;
				CLANG_WARN_INT_CONVERSION = YES;
				CLANG_WARN_OBJC_ROOT_CLASS = YES_ERROR;
				CLANG_WARN_UNREACHABLE_CODE = YES;
				CLANG_WARN__DUPLICATE_METHOD_MATCH = YES;
				"CODE_SIGN_IDENTITY[sdk=iphoneos*]" = "iPhone Developer";
				COPY_PHASE_STRIP = NO;
				ENABLE_STRICT_OBJC_MSGSEND = YES;
				GCC_C_LANGUAGE_STANDARD = gnu99;
				GCC_DYNAMIC_NO_PIC = NO;
				GCC_OPTIMIZATION_LEVEL = 0;
				GCC_PREPROCESSOR_DEFINITIONS = (
					"DEBUG=1",
					"$(inherited)",
				);
				GCC_SYMBOLS_PRIVATE_EXTERN = NO;
				GCC_WARN_64_TO_32_BIT_CONVERSION = YES;
				GCC_WARN_ABOUT_RETURN_TYPE = YES_ERROR;
				GCC_WARN_UNDECLARED_SELECTOR = YES;
				GCC_WARN_UNINITIALIZED_AUTOS = YES_AGGRESSIVE;
				GCC_WARN_UNUSED_FUNCTION = YES;
				GCC_WARN_UNUSED_VARIABLE = YES;
				IPHONEOS_DEPLOYMENT_TARGET = 8.1;
				MTL_ENABLE_DEBUG_INFO = YES;
				ONLY_ACTIVE_ARCH = YES;
				SDKROOT = iphoneos;
				TARGETED_DEVICE_FAMILY = "1,2";
			};
			name = Debug;
		};
		F33426911A41D38F0028211A /* Release */ = {
			isa = XCBuildConfiguration;
			buildSettings = {
				ALWAYS_SEARCH_USER_PATHS = NO;
				CLANG_CXX_LANGUAGE_STANDARD = "gnu++0x";
				CLANG_CXX_LIBRARY = "libc++";
				CLANG_ENABLE_MODULES = YES;
				CLANG_ENABLE_OBJC_ARC = YES;
				CLANG_WARN_BOOL_CONVERSION = YES;
				CLANG_WARN_CONSTANT_CONVERSION = YES;
				CLANG_WARN_DIRECT_OBJC_ISA_USAGE = YES_ERROR;
				CLANG_WARN_EMPTY_BODY = YES;
				CLANG_WARN_ENUM_CONVERSION = YES;
				CLANG_WARN_INT_CONVERSION = YES;
				CLANG_WARN_OBJC_ROOT_CLASS = YES_ERROR;
				CLANG_WARN_UNREACHABLE_CODE = YES;
				CLANG_WARN__DUPLICATE_METHOD_MATCH = YES;
				"CODE_SIGN_IDENTITY[sdk=iphoneos*]" = "iPhone Developer";
				COPY_PHASE_STRIP = YES;
				ENABLE_NS_ASSERTIONS = NO;
				ENABLE_STRICT_OBJC_MSGSEND = YES;
				GCC_C_LANGUAGE_STANDARD = gnu99;
				GCC_WARN_64_TO_32_BIT_CONVERSION = YES;
				GCC_WARN_ABOUT_RETURN_TYPE = YES_ERROR;
				GCC_WARN_UNDECLARED_SELECTOR = YES;
				GCC_WARN_UNINITIALIZED_AUTOS = YES_AGGRESSIVE;
				GCC_WARN_UNUSED_FUNCTION = YES;
				GCC_WARN_UNUSED_VARIABLE = YES;
				IPHONEOS_DEPLOYMENT_TARGET = 8.1;
				MTL_ENABLE_DEBUG_INFO = NO;
				SDKROOT = iphoneos;
				TARGETED_DEVICE_FAMILY = "1,2";
				VALIDATE_PRODUCT = YES;
			};
			name = Release;
		};
		F33426931A41D38F0028211A /* Debug */ = {
			isa = XCBuildConfiguration;
			buildSettings = {
				ASSETCATALOG_COMPILER_APPICON_NAME = AppIcon;
				INFOPLIST_FILE = DemoApp/Info.plist;
				LD_RUNPATH_SEARCH_PATHS = "$(inherited) @executable_path/Frameworks";
				PRODUCT_NAME = "$(TARGET_NAME)";
			};
			name = Debug;
		};
		F33426941A41D38F0028211A /* Release */ = {
			isa = XCBuildConfiguration;
			buildSettings = {
				ASSETCATALOG_COMPILER_APPICON_NAME = AppIcon;
				INFOPLIST_FILE = DemoApp/Info.plist;
				LD_RUNPATH_SEARCH_PATHS = "$(inherited) @executable_path/Frameworks";
				PRODUCT_NAME = "$(TARGET_NAME)";
			};
			name = Release;
		};
		F33426961A41D38F0028211A /* Debug */ = {
			isa = XCBuildConfiguration;
			buildSettings = {
				BUNDLE_LOADER = "$(TEST_HOST)";
				FRAMEWORK_SEARCH_PATHS = (
					"$(SDKROOT)/Developer/Library/Frameworks",
					"$(inherited)",
				);
				GCC_PREPROCESSOR_DEFINITIONS = (
					"DEBUG=1",
					"$(inherited)",
				);
				INFOPLIST_FILE = DemoAppTests/Info.plist;
				LD_RUNPATH_SEARCH_PATHS = "$(inherited) @executable_path/Frameworks @loader_path/Frameworks";
				PRODUCT_NAME = "$(TARGET_NAME)";
				TEST_HOST = "$(BUILT_PRODUCTS_DIR)/DemoApp.app/DemoApp";
			};
			name = Debug;
		};
		F33426971A41D38F0028211A /* Release */ = {
			isa = XCBuildConfiguration;
			buildSettings = {
				BUNDLE_LOADER = "$(TEST_HOST)";
				FRAMEWORK_SEARCH_PATHS = (
					"$(SDKROOT)/Developer/Library/Frameworks",
					"$(inherited)",
				);
				INFOPLIST_FILE = DemoAppTests/Info.plist;
				LD_RUNPATH_SEARCH_PATHS = "$(inherited) @executable_path/Frameworks @loader_path/Frameworks";
				PRODUCT_NAME = "$(TARGET_NAME)";
				TEST_HOST = "$(BUILT_PRODUCTS_DIR)/DemoApp.app/DemoApp";
			};
			name = Release;
		};
/* End XCBuildConfiguration section */

/* Begin XCConfigurationList section */
		F33426671A41D38F0028211A /* Build configuration list for PBXProject "DemoApp" */ = {
			isa = XCConfigurationList;
			buildConfigurations = (
				F33426901A41D38F0028211A /* Debug */,
				F33426911A41D38F0028211A /* Release */,
			);
			defaultConfigurationIsVisible = 0;
			defaultConfigurationName = Release;
		};
		F33426921A41D38F0028211A /* Build configuration list for PBXNativeTarget "DemoApp" */ = {
			isa = XCConfigurationList;
			buildConfigurations = (
				F33426931A41D38F0028211A /* Debug */,
				F33426941A41D38F0028211A /* Release */,
			);
			defaultConfigurationIsVisible = 0;
		};
		F33426951A41D38F0028211A /* Build configuration list for PBXNativeTarget "DemoAppTests" */ = {
			isa = XCConfigurationList;
			buildConfigurations = (
				F33426961A41D38F0028211A /* Debug */,
				F33426971A41D38F0028211A /* Release */,
			);
			defaultConfigurationIsVisible = 0;
		};
/* End XCConfigurationList section */
	};
	rootObject = F33426641A41D38F0028211A /* Project object */;
}
